
Microsoft Visual Studio Solution File, Format Version 12.00
# Visual Studio Version 16
VisualStudioVersion = 16.0.32106.194
MinimumVisualStudioVersion = 10.0.40219.1
Project("{FAE04EC0-301F-11D3-BF4B-00C04F79EFBC}") = "GoogleSuggestion", "GoogleSuggestion\GoogleSuggestion.csproj", "{2BC12B59-6ECF-4A6F-A55D-7E9B5BA5ECEF}"
EndProject
Global
	GlobalSection(SolutionConfigurationPlatforms) = preSolution
		Debug|Any CPU = Debug|Any CPU
		Release|Any CPU = Release|Any CPU
	EndGlobalSection
	GlobalSection(ProjectConfigurationPlatforms) = postSolution
		{2BC12B59-6ECF-4A6F-A55D-7E9B5BA5ECEF}.Debug|Any CPU.ActiveCfg = Debug|Any CPU
		{2BC12B59-6ECF-4A6F-A55D-7E9B5BA5ECEF}.Debug|Any CPU.Build.0 = Debug|Any CPU
		{2BC12B59-6ECF-4A6F-A55D-7E9B5BA5ECEF}.Release|Any CPU.ActiveCfg = Release|Any CPU
		{2BC12B59-6ECF-4A6F-A55D-7E9B5BA5ECEF}.Release|Any CPU.Build.0 = Release|Any CPU
	EndGlobalSection
	GlobalSection(SolutionProperties) = preSolution
		HideSolutionNode = FALSE
	EndGlobalSection
	GlobalSection(ExtensibilityGlobals) = postSolution
		SolutionGuid = {58096466-2149-4B88-B4A0-F99AFC90DC27}
	EndGlobalSection
EndGlobal
